
Microsoft Visual Studio Solution File, Format Version 12.00
# Visual Studio Version 16
VisualStudioVersion = 16.0.30711.63
MinimumVisualStudioVersion = 10.0.40219.1
Project("{9A19103F-16F7-4668-BE54-9A1E7A4F7556}") = "Exercise2 Data Types", "Exercise1\Exercise2 Data Types.csproj", "{7858C0A5-B361-45E9-89D8-E0F45D6CC0DF}"
EndProject
Project("{9A19103F-16F7-4668-BE54-9A1E7A4F7556}") = "Studio2 Data Types", "Studio1\Studio2 Data Types.csproj", "{7387A08D-9DD4-4532-9F63-E487D76BC63B}"
EndProject
Project("{9A19103F-16F7-4668-BE54-9A1E7A4F7556}") = "Reading3 Collections", "Exercise2\Reading3 Collections.csproj", "{D5D825F1-5556-457B-BBF0-899376E59CD2}"
EndProject
Project("{9A19103F-16F7-4668-BE54-9A1E7A4F7556}") = "Exercise3 Collections", "Exercise3\Exercise3 Collections.csproj", "{9A8D95E8-92BE-4A70-8AFA-2E887C181FE3}"
EndProject
Project("{9A19103F-16F7-4668-BE54-9A1E7A4F7556}") = "Studio3 Collections", "Studio3\Studio3 Collections.csproj", "{ECEB9A55-1050-4E0D-9D61-4AACFA1681CD}"
EndProject
Project("{9A19103F-16F7-4668-BE54-9A1E7A4F7556}") = "Reading4 Classes Pt1", "Reading4\Reading4 Classes Pt1.csproj", "{4AB43403-025C-40B1-8A8E-71BECF500801}"
EndProject
Project("{2150E333-8FDC-42A3-9474-1A3956D46DE8}") = "Reading", "Reading", "{CC1B9C7A-E662-4919-9E23-A4F9BB85CED6}"
EndProject
Project("{2150E333-8FDC-42A3-9474-1A3956D46DE8}") = "Exercises", "Exercises", "{E2D578E5-65A7-4451-9A91-7AB0D2DF1D7E}"
EndProject
Project("{2150E333-8FDC-42A3-9474-1A3956D46DE8}") = "Studios", "Studios", "{7969C462-8682-4890-B5C6-7F25C18E8185}"
EndProject
Project("{9A19103F-16F7-4668-BE54-9A1E7A4F7556}") = "Exercise4 Classes Pt1", "Exercises\Exercise4\Exercise4 Classes Pt1.csproj", "{A93C46AB-AD6C-4171-8953-6DFE487FBEE5}"
EndProject
Project("{9A19103F-16F7-4668-BE54-9A1E7A4F7556}") = "Studio4 Classes Pt1", "Studio4\Studio4 Classes Pt1.csproj", "{735C6A33-A5FC-496B-AC8A-CC6C78CAE7F2}"
EndProject
Project("{9A19103F-16F7-4668-BE54-9A1E7A4F7556}") = "Reading5 Classes Pt2 Obj", "Reading5\Reading5 Classes Pt2 Obj.csproj", "{D9A93922-292B-4FBE-ACAD-F6D4E019B6B9}"
EndProject
Project("{9A19103F-16F7-4668-BE54-9A1E7A4F7556}") = "Exercise5 Classes Pt2 Obj", "Exercise5\Exercise5 Classes Pt2 Obj.csproj", "{2CBC25D1-F1CE-4979-8A52-78B030E0161F}"
EndProject
Project("{9A19103F-16F7-4668-BE54-9A1E7A4F7556}") = "Studio5 Classes Pt2 Obj", "Studio5\Studio5 Classes Pt2 Obj.csproj", "{6EC03284-47B1-4D27-9E92-3A132FA06134}"
EndProject
Project("{9A19103F-16F7-4668-BE54-9A1E7A4F7556}") = "Exercise6 Unit Tests", "Reading6 Unit Tests\Exercise6 Unit Tests.csproj", "{CC8D7FB3-4BD2-4970-8D47-CCA1B7FC9FED}"
EndProject
Project("{9A19103F-16F7-4668-BE54-9A1E7A4F7556}") = "Exercise6 Tests", "Reading6 CarTests\Exercise6 Tests.csproj", "{8505D8E3-246B-42F8-93A0-C66E9085FDA8}"
EndProject
Project("{9A19103F-16F7-4668-BE54-9A1E7A4F7556}") = "Studio6 Unit Tests Balanced Brackets", "Studio6 Unit Tests Balanced Brackets\Studio6 Unit Tests Balanced Brackets.csproj", "{D3F73831-D875-408E-B6FF-4EDDAE7C6EDF}"
EndProject
Project("{9A19103F-16F7-4668-BE54-9A1E7A4F7556}") = "Studio6 Tests", "Studio6 Tests\Studio6 Tests.csproj", "{883FBC1E-8D71-4D62-821D-8FEBC75EC572}"
EndProject
Project("{9A19103F-16F7-4668-BE54-9A1E7A4F7556}") = "Exercise7 Inheritance", "Exercise7\Exercise7 Inheritance.csproj", "{ED598CC5-1941-44C0-8450-A876BF4225C0}"
EndProject
Project("{9A19103F-16F7-4668-BE54-9A1E7A4F7556}") = "Exercise7 Tests", "Exercise7 Tests\Exercise7 Tests.csproj", "{DE54949B-3EFE-4D49-B132-32E0D9DEFE9E}"
EndProject
Project("{9A19103F-16F7-4668-BE54-9A1E7A4F7556}") = "Studio7 Inheritance", "Studio7 Inheritance\Studio7 Inheritance.csproj", "{6785C3D5-2DD1-4D8B-987C-78AE1A268FA5}"
EndProject
Project("{9A19103F-16F7-4668-BE54-9A1E7A4F7556}") = "Reading8 Interfaces", "Reading8 Interfaces\Reading8 Interfaces.csproj", "{F6A548B9-A8A7-43C9-8935-087E0EFAC36A}"
EndProject
Project("{9A19103F-16F7-4668-BE54-9A1E7A4F7556}") = "Exercise8 Interfaces", "Exercise8 Interfaces\Exercise8 Interfaces.csproj", "{9ADA6F6D-33AA-4F67-9B2F-690E2E6228FE}"
EndProject
Project("{9A19103F-16F7-4668-BE54-9A1E7A4F7556}") = "Studio8 Interfaces", "Studio8 Interfaces\Studio8 Interfaces.csproj", "{721A032E-C08A-4AFA-93AF-41D040841F8C}"
EndProject
Project("{9A19103F-16F7-4668-BE54-9A1E7A4F7556}") = "Exercise10 Controllers", "Exercise10 Controllers\Exercise10 Controllers.csproj", "{6369B9E9-1227-49E6-A16F-BFD1C8F4FBD1}"
EndProject
Project("{9A19103F-16F7-4668-BE54-9A1E7A4F7556}") = "Studio10", "Studio10\Studio10.csproj", "{9E50C407-9944-4344-93B3-576266E52AF4}"
EndProject
Project("{FAE04EC0-301F-11D3-BF4B-00C04F79EFBC}") = "Exercise11 Exceptions", "Exercise11 Exceptions\Exercise11 Exceptions.csproj", "{2EEE55F5-2908-416F-857A-E38E1D52E2C7}"
EndProject
Global
	GlobalSection(SolutionConfigurationPlatforms) = preSolution
		Debug|Any CPU = Debug|Any CPU
		Release|Any CPU = Release|Any CPU
	EndGlobalSection
	GlobalSection(ProjectConfigurationPlatforms) = postSolution
		{7858C0A5-B361-45E9-89D8-E0F45D6CC0DF}.Debug|Any CPU.ActiveCfg = Debug|Any CPU
		{7858C0A5-B361-45E9-89D8-E0F45D6CC0DF}.Debug|Any CPU.Build.0 = Debug|Any CPU
		{7858C0A5-B361-45E9-89D8-E0F45D6CC0DF}.Release|Any CPU.ActiveCfg = Release|Any CPU
		{7858C0A5-B361-45E9-89D8-E0F45D6CC0DF}.Release|Any CPU.Build.0 = Release|Any CPU
		{7387A08D-9DD4-4532-9F63-E487D76BC63B}.Debug|Any CPU.ActiveCfg = Debug|Any CPU
		{7387A08D-9DD4-4532-9F63-E487D76BC63B}.Debug|Any CPU.Build.0 = Debug|Any CPU
		{7387A08D-9DD4-4532-9F63-E487D76BC63B}.Release|Any CPU.ActiveCfg = Release|Any CPU
		{7387A08D-9DD4-4532-9F63-E487D76BC63B}.Release|Any CPU.Build.0 = Release|Any CPU
		{D5D825F1-5556-457B-BBF0-899376E59CD2}.Debug|Any CPU.ActiveCfg = Debug|Any CPU
		{D5D825F1-5556-457B-BBF0-899376E59CD2}.Debug|Any CPU.Build.0 = Debug|Any CPU
		{D5D825F1-5556-457B-BBF0-899376E59CD2}.Release|Any CPU.ActiveCfg = Release|Any CPU
		{D5D825F1-5556-457B-BBF0-899376E59CD2}.Release|Any CPU.Build.0 = Release|Any CPU
		{9A8D95E8-92BE-4A70-8AFA-2E887C181FE3}.Debug|Any CPU.ActiveCfg = Debug|Any CPU
		{9A8D95E8-92BE-4A70-8AFA-2E887C181FE3}.Debug|Any CPU.Build.0 = Debug|Any CPU
		{9A8D95E8-92BE-4A70-8AFA-2E887C181FE3}.Release|Any CPU.ActiveCfg = Release|Any CPU
		{9A8D95E8-92BE-4A70-8AFA-2E887C181FE3}.Release|Any CPU.Build.0 = Release|Any CPU
		{ECEB9A55-1050-4E0D-9D61-4AACFA1681CD}.Debug|Any CPU.ActiveCfg = Debug|Any CPU
		{ECEB9A55-1050-4E0D-9D61-4AACFA1681CD}.Debug|Any CPU.Build.0 = Debug|Any CPU
		{ECEB9A55-1050-4E0D-9D61-4AACFA1681CD}.Release|Any CPU.ActiveCfg = Release|Any CPU
		{ECEB9A55-1050-4E0D-9D61-4AACFA1681CD}.Release|Any CPU.Build.0 = Release|Any CPU
		{4AB43403-025C-40B1-8A8E-71BECF500801}.Debug|Any CPU.ActiveCfg = Debug|Any CPU
		{4AB43403-025C-40B1-8A8E-71BECF500801}.Debug|Any CPU.Build.0 = Debug|Any CPU
		{4AB43403-025C-40B1-8A8E-71BECF500801}.Release|Any CPU.ActiveCfg = Release|Any CPU
		{4AB43403-025C-40B1-8A8E-71BECF500801}.Release|Any CPU.Build.0 = Release|Any CPU
		{A93C46AB-AD6C-4171-8953-6DFE487FBEE5}.Debug|Any CPU.ActiveCfg = Debug|Any CPU
		{A93C46AB-AD6C-4171-8953-6DFE487FBEE5}.Debug|Any CPU.Build.0 = Debug|Any CPU
		{A93C46AB-AD6C-4171-8953-6DFE487FBEE5}.Release|Any CPU.ActiveCfg = Release|Any CPU
		{A93C46AB-AD6C-4171-8953-6DFE487FBEE5}.Release|Any CPU.Build.0 = Release|Any CPU
		{735C6A33-A5FC-496B-AC8A-CC6C78CAE7F2}.Debug|Any CPU.ActiveCfg = Debug|Any CPU
		{735C6A33-A5FC-496B-AC8A-CC6C78CAE7F2}.Debug|Any CPU.Build.0 = Debug|Any CPU
		{735C6A33-A5FC-496B-AC8A-CC6C78CAE7F2}.Release|Any CPU.ActiveCfg = Release|Any CPU
		{735C6A33-A5FC-496B-AC8A-CC6C78CAE7F2}.Release|Any CPU.Build.0 = Release|Any CPU
		{D9A93922-292B-4FBE-ACAD-F6D4E019B6B9}.Debug|Any CPU.ActiveCfg = Debug|Any CPU
		{D9A93922-292B-4FBE-ACAD-F6D4E019B6B9}.Debug|Any CPU.Build.0 = Debug|Any CPU
		{D9A93922-292B-4FBE-ACAD-F6D4E019B6B9}.Release|Any CPU.ActiveCfg = Release|Any CPU
		{D9A93922-292B-4FBE-ACAD-F6D4E019B6B9}.Release|Any CPU.Build.0 = Release|Any CPU
		{2CBC25D1-F1CE-4979-8A52-78B030E0161F}.Debug|Any CPU.ActiveCfg = Debug|Any CPU
		{2CBC25D1-F1CE-4979-8A52-78B030E0161F}.Debug|Any CPU.Build.0 = Debug|Any CPU
		{2CBC25D1-F1CE-4979-8A52-78B030E0161F}.Release|Any CPU.ActiveCfg = Release|Any CPU
		{2CBC25D1-F1CE-4979-8A52-78B030E0161F}.Release|Any CPU.Build.0 = Release|Any CPU
		{6EC03284-47B1-4D27-9E92-3A132FA06134}.Debug|Any CPU.ActiveCfg = Debug|Any CPU
		{6EC03284-47B1-4D27-9E92-3A132FA06134}.Debug|Any CPU.Build.0 = Debug|Any CPU
		{6EC03284-47B1-4D27-9E92-3A132FA06134}.Release|Any CPU.ActiveCfg = Release|Any CPU
		{6EC03284-47B1-4D27-9E92-3A132FA06134}.Release|Any CPU.Build.0 = Release|Any CPU
		{CC8D7FB3-4BD2-4970-8D47-CCA1B7FC9FED}.Debug|Any CPU.ActiveCfg = Debug|Any CPU
		{CC8D7FB3-4BD2-4970-8D47-CCA1B7FC9FED}.Debug|Any CPU.Build.0 = Debug|Any CPU
		{CC8D7FB3-4BD2-4970-8D47-CCA1B7FC9FED}.Release|Any CPU.ActiveCfg = Release|Any CPU
		{CC8D7FB3-4BD2-4970-8D47-CCA1B7FC9FED}.Release|Any CPU.Build.0 = Release|Any CPU
		{8505D8E3-246B-42F8-93A0-C66E9085FDA8}.Debug|Any CPU.ActiveCfg = Debug|Any CPU
		{8505D8E3-246B-42F8-93A0-C66E9085FDA8}.Debug|Any CPU.Build.0 = Debug|Any CPU
		{8505D8E3-246B-42F8-93A0-C66E9085FDA8}.Release|Any CPU.ActiveCfg = Release|Any CPU
		{8505D8E3-246B-42F8-93A0-C66E9085FDA8}.Release|Any CPU.Build.0 = Release|Any CPU
		{D3F73831-D875-408E-B6FF-4EDDAE7C6EDF}.Debug|Any CPU.ActiveCfg = Debug|Any CPU
		{D3F73831-D875-408E-B6FF-4EDDAE7C6EDF}.Debug|Any CPU.Build.0 = Debug|Any CPU
		{D3F73831-D875-408E-B6FF-4EDDAE7C6EDF}.Release|Any CPU.ActiveCfg = Release|Any CPU
		{D3F73831-D875-408E-B6FF-4EDDAE7C6EDF}.Release|Any CPU.Build.0 = Release|Any CPU
		{883FBC1E-8D71-4D62-821D-8FEBC75EC572}.Debug|Any CPU.ActiveCfg = Debug|Any CPU
		{883FBC1E-8D71-4D62-821D-8FEBC75EC572}.Debug|Any CPU.Build.0 = Debug|Any CPU
		{883FBC1E-8D71-4D62-821D-8FEBC75EC572}.Release|Any CPU.ActiveCfg = Release|Any CPU
		{883FBC1E-8D71-4D62-821D-8FEBC75EC572}.Release|Any CPU.Build.0 = Release|Any CPU
		{ED598CC5-1941-44C0-8450-A876BF4225C0}.Debug|Any CPU.ActiveCfg = Debug|Any CPU
		{ED598CC5-1941-44C0-8450-A876BF4225C0}.Debug|Any CPU.Build.0 = Debug|Any CPU
		{ED598CC5-1941-44C0-8450-A876BF4225C0}.Release|Any CPU.ActiveCfg = Release|Any CPU
		{ED598CC5-1941-44C0-8450-A876BF4225C0}.Release|Any CPU.Build.0 = Release|Any CPU
		{DE54949B-3EFE-4D49-B132-32E0D9DEFE9E}.Debug|Any CPU.ActiveCfg = Debug|Any CPU
		{DE54949B-3EFE-4D49-B132-32E0D9DEFE9E}.Debug|Any CPU.Build.0 = Debug|Any CPU
		{DE54949B-3EFE-4D49-B132-32E0D9DEFE9E}.Release|Any CPU.ActiveCfg = Release|Any CPU
		{DE54949B-3EFE-4D49-B132-32E0D9DEFE9E}.Release|Any CPU.Build.0 = Release|Any CPU
		{6785C3D5-2DD1-4D8B-987C-78AE1A268FA5}.Debug|Any CPU.ActiveCfg = Debug|Any CPU
		{6785C3D5-2DD1-4D8B-987C-78AE1A268FA5}.Debug|Any CPU.Build.0 = Debug|Any CPU
		{6785C3D5-2DD1-4D8B-987C-78AE1A268FA5}.Release|Any CPU.ActiveCfg = Release|Any CPU
		{6785C3D5-2DD1-4D8B-987C-78AE1A268FA5}.Release|Any CPU.Build.0 = Release|Any CPU
		{F6A548B9-A8A7-43C9-8935-087E0EFAC36A}.Debug|Any CPU.ActiveCfg = Debug|Any CPU
		{F6A548B9-A8A7-43C9-8935-087E0EFAC36A}.Debug|Any CPU.Build.0 = Debug|Any CPU
		{F6A548B9-A8A7-43C9-8935-087E0EFAC36A}.Release|Any CPU.ActiveCfg = Release|Any CPU
		{F6A548B9-A8A7-43C9-8935-087E0EFAC36A}.Release|Any CPU.Build.0 = Release|Any CPU
		{9ADA6F6D-33AA-4F67-9B2F-690E2E6228FE}.Debug|Any CPU.ActiveCfg = Debug|Any CPU
		{9ADA6F6D-33AA-4F67-9B2F-690E2E6228FE}.Debug|Any CPU.Build.0 = Debug|Any CPU
		{9ADA6F6D-33AA-4F67-9B2F-690E2E6228FE}.Release|Any CPU.ActiveCfg = Release|Any CPU
		{9ADA6F6D-33AA-4F67-9B2F-690E2E6228FE}.Release|Any CPU.Build.0 = Release|Any CPU
		{721A032E-C08A-4AFA-93AF-41D040841F8C}.Debug|Any CPU.ActiveCfg = Debug|Any CPU
		{721A032E-C08A-4AFA-93AF-41D040841F8C}.Debug|Any CPU.Build.0 = Debug|Any CPU
		{721A032E-C08A-4AFA-93AF-41D040841F8C}.Release|Any CPU.ActiveCfg = Release|Any CPU
		{721A032E-C08A-4AFA-93AF-41D040841F8C}.Release|Any CPU.Build.0 = Release|Any CPU
		{6369B9E9-1227-49E6-A16F-BFD1C8F4FBD1}.Debug|Any CPU.ActiveCfg = Debug|Any CPU
		{6369B9E9-1227-49E6-A16F-BFD1C8F4FBD1}.Debug|Any CPU.Build.0 = Debug|Any CPU
		{6369B9E9-1227-49E6-A16F-BFD1C8F4FBD1}.Release|Any CPU.ActiveCfg = Release|Any CPU
		{6369B9E9-1227-49E6-A16F-BFD1C8F4FBD1}.Release|Any CPU.Build.0 = Release|Any CPU
		{9E50C407-9944-4344-93B3-576266E52AF4}.Debug|Any CPU.ActiveCfg = Debug|Any CPU
		{9E50C407-9944-4344-93B3-576266E52AF4}.Debug|Any CPU.Build.0 = Debug|Any CPU
		{9E50C407-9944-4344-93B3-576266E52AF4}.Release|Any CPU.ActiveCfg = Release|Any CPU
		{9E50C407-9944-4344-93B3-576266E52AF4}.Release|Any CPU.Build.0 = Release|Any CPU
		{2EEE55F5-2908-416F-857A-E38E1D52E2C7}.Debug|Any CPU.ActiveCfg = Debug|Any CPU
		{2EEE55F5-2908-416F-857A-E38E1D52E2C7}.Debug|Any CPU.Build.0 = Debug|Any CPU
		{2EEE55F5-2908-416F-857A-E38E1D52E2C7}.Release|Any CPU.ActiveCfg = Release|Any CPU
		{2EEE55F5-2908-416F-857A-E38E1D52E2C7}.Release|Any CPU.Build.0 = Release|Any CPU
	EndGlobalSection
	GlobalSection(SolutionProperties) = preSolution
		HideSolutionNode = FALSE
	EndGlobalSection
	GlobalSection(NestedProjects) = preSolution
		{7858C0A5-B361-45E9-89D8-E0F45D6CC0DF} = {E2D578E5-65A7-4451-9A91-7AB0D2DF1D7E}
		{7387A08D-9DD4-4532-9F63-E487D76BC63B} = {7969C462-8682-4890-B5C6-7F25C18E8185}
		{D5D825F1-5556-457B-BBF0-899376E59CD2} = {CC1B9C7A-E662-4919-9E23-A4F9BB85CED6}
		{9A8D95E8-92BE-4A70-8AFA-2E887C181FE3} = {E2D578E5-65A7-4451-9A91-7AB0D2DF1D7E}
		{ECEB9A55-1050-4E0D-9D61-4AACFA1681CD} = {7969C462-8682-4890-B5C6-7F25C18E8185}
		{4AB43403-025C-40B1-8A8E-71BECF500801} = {CC1B9C7A-E662-4919-9E23-A4F9BB85CED6}
		{A93C46AB-AD6C-4171-8953-6DFE487FBEE5} = {E2D578E5-65A7-4451-9A91-7AB0D2DF1D7E}
		{735C6A33-A5FC-496B-AC8A-CC6C78CAE7F2} = {7969C462-8682-4890-B5C6-7F25C18E8185}
		{D9A93922-292B-4FBE-ACAD-F6D4E019B6B9} = {CC1B9C7A-E662-4919-9E23-A4F9BB85CED6}
		{2CBC25D1-F1CE-4979-8A52-78B030E0161F} = {E2D578E5-65A7-4451-9A91-7AB0D2DF1D7E}
		{6EC03284-47B1-4D27-9E92-3A132FA06134} = {7969C462-8682-4890-B5C6-7F25C18E8185}
		{CC8D7FB3-4BD2-4970-8D47-CCA1B7FC9FED} = {E2D578E5-65A7-4451-9A91-7AB0D2DF1D7E}
		{8505D8E3-246B-42F8-93A0-C66E9085FDA8} = {E2D578E5-65A7-4451-9A91-7AB0D2DF1D7E}
		{D3F73831-D875-408E-B6FF-4EDDAE7C6EDF} = {7969C462-8682-4890-B5C6-7F25C18E8185}
		{883FBC1E-8D71-4D62-821D-8FEBC75EC572} = {7969C462-8682-4890-B5C6-7F25C18E8185}
		{ED598CC5-1941-44C0-8450-A876BF4225C0} = {E2D578E5-65A7-4451-9A91-7AB0D2DF1D7E}
		{DE54949B-3EFE-4D49-B132-32E0D9DEFE9E} = {E2D578E5-65A7-4451-9A91-7AB0D2DF1D7E}
		{6785C3D5-2DD1-4D8B-987C-78AE1A268FA5} = {7969C462-8682-4890-B5C6-7F25C18E8185}
		{F6A548B9-A8A7-43C9-8935-087E0EFAC36A} = {CC1B9C7A-E662-4919-9E23-A4F9BB85CED6}
		{9ADA6F6D-33AA-4F67-9B2F-690E2E6228FE} = {E2D578E5-65A7-4451-9A91-7AB0D2DF1D7E}
		{721A032E-C08A-4AFA-93AF-41D040841F8C} = {7969C462-8682-4890-B5C6-7F25C18E8185}
		{6369B9E9-1227-49E6-A16F-BFD1C8F4FBD1} = {E2D578E5-65A7-4451-9A91-7AB0D2DF1D7E}
		{9E50C407-9944-4344-93B3-576266E52AF4} = {7969C462-8682-4890-B5C6-7F25C18E8185}
		{2EEE55F5-2908-416F-857A-E38E1D52E2C7} = {E2D578E5-65A7-4451-9A91-7AB0D2DF1D7E}
	EndGlobalSection
	GlobalSection(ExtensibilityGlobals) = postSolution
		SolutionGuid = {C89A3ACB-845F-4781-9325-04DD532ED86E}
	EndGlobalSection
EndGlobal
